// !$*UTF8*$!
{
	archiveVersion = 1;
	classes = {
	};
	objectVersion = 46;
	objects = {

/* Begin PBXBuildFile section */
		7811A8C41F6E418F00FE18DF /* gtest-all.cc in Sources */ = {isa = PBXBuildFile; fileRef = 7811A8C11F6E418700FE18DF /* gtest-all.cc */; };
		7811A8D21F6E41CC00FE18DF /* libgtest.a in Frameworks */ = {isa = PBXBuildFile; fileRef = 7811A8BC1F6E40AE00FE18DF /* libgtest.a */; };
		7811A8D31F6E420000FE18DF /* gtest_main.cc in Sources */ = {isa = PBXBuildFile; fileRef = 7811A8C01F6E418700FE18DF /* gtest_main.cc */; };
		7811A8D51F6E438800FE18DF /* unittest-gtest.cpp in Sources */ = {isa = PBXBuildFile; fileRef = 7811A8D41F6E438800FE18DF /* unittest-gtest.cpp */; };
		7811A8D91F6E44F500FE18DF /* benchmark.cpp in Sources */ = {isa = PBXBuildFile; fileRef = 7811A8D71F6E44F500FE18DF /* benchmark.cpp */; };
		7811A8DA1F6E44F500FE18DF /* benchmark.hpp in Headers */ = {isa = PBXBuildFile; fileRef = 7811A8D81F6E44F500FE18DF /* benchmark.hpp */; };
		7811A8DD1F6E454200FE18DF /* sequence.cpp in Sources */ = {isa = PBXBuildFile; fileRef = 7811A8DB1F6E454200FE18DF /* sequence.cpp */; };
		7811A8DE1F6E454200FE18DF /* sequence.hpp in Headers */ = {isa = PBXBuildFile; fileRef = 7811A8DC1F6E454200FE18DF /* sequence.hpp */; };
		7811A8E01F6E4AE000FE18DF /* unittest-benchmark.cpp in Sources */ = {isa = PBXBuildFile; fileRef = 7811A8DF1F6E4AE000FE18DF /* unittest-benchmark.cpp */; };
		7811A8E31F6E4B6D00FE18DF /* libvt.a in Frameworks */ = {isa = PBXBuildFile; fileRef = 7811A8AE1F6E3C8C00FE18DF /* libvt.a */; };
		788793311F713D5B007425AB /* hann.cpp in Sources */ = {isa = PBXBuildFile; fileRef = 7887932F1F713D5B007425AB /* hann.cpp */; };
		788793321F713D5B007425AB /* hann.hpp in Headers */ = {isa = PBXBuildFile; fileRef = 788793301F713D5B007425AB /* hann.hpp */; };
		788793351F71408A007425AB /* label.cpp in Sources */ = {isa = PBXBuildFile; fileRef = 788793331F71408A007425AB /* label.cpp */; };
		788793361F71408A007425AB /* label.hpp in Headers */ = {isa = PBXBuildFile; fileRef = 788793341F71408A007425AB /* label.hpp */; };
		788793381F7144B0007425AB /* ffttools.hpp in Headers */ = {isa = PBXBuildFile; fileRef = 788793371F7144B0007425AB /* ffttools.hpp */; };
		789105611F7026BD0085719C /* imagesc.cpp in Sources */ = {isa = PBXBuildFile; fileRef = 7891055F1F7026BD0085719C /* imagesc.cpp */; };
		789105621F7026BD0085719C /* imagesc.hpp in Headers */ = {isa = PBXBuildFile; fileRef = 789105601F7026BD0085719C /* imagesc.hpp */; };
		78CDD0001F6E9EE9000450AC /* fhog.cpp in Sources */ = {isa = PBXBuildFile; fileRef = 78CDCFFE1F6E9EE9000450AC /* fhog.cpp */; };
		78CDD0011F6E9EE9000450AC /* fhog.hpp in Headers */ = {isa = PBXBuildFile; fileRef = 78CDCFFF1F6E9EE9000450AC /* fhog.hpp */; };
		78E982581F6FA7CB00BD8B14 /* recttools.hpp in Headers */ = {isa = PBXBuildFile; fileRef = 78E982571F6FA7CB00BD8B14 /* recttools.hpp */; };
/* End PBXBuildFile section */

/* Begin PBXContainerItemProxy section */
		7811A8D01F6E41C400FE18DF /* PBXContainerItemProxy */ = {
			isa = PBXContainerItemProxy;
			containerPortal = 7811A8A61F6E3C8C00FE18DF /* Project object */;
			proxyType = 1;
			remoteGlobalIDString = 7811A8BB1F6E40AE00FE18DF;
			remoteInfo = gtest;
		};
		7811A8E11F6E4B6600FE18DF /* PBXContainerItemProxy */ = {
			isa = PBXContainerItemProxy;
			containerPortal = 7811A8A61F6E3C8C00FE18DF /* Project object */;
			proxyType = 1;
			remoteGlobalIDString = 7811A8AD1F6E3C8C00FE18DF;
			remoteInfo = vt;
		};
/* End PBXContainerItemProxy section */

/* Begin PBXCopyFilesBuildPhase section */
		7811A8C71F6E41BF00FE18DF /* CopyFiles */ = {
			isa = PBXCopyFilesBuildPhase;
			buildActionMask = 2147483647;
			dstPath = /usr/share/man/man1/;
			dstSubfolderSpec = 0;
			files = (
			);
			runOnlyForDeploymentPostprocessing = 1;
		};
/* End PBXCopyFilesBuildPhase section */

/* Begin PBXFileReference section */
		7811A8AE1F6E3C8C00FE18DF /* libvt.a */ = {isa = PBXFileReference; explicitFileType = archive.ar; includeInIndex = 0; path = libvt.a; sourceTree = BUILT_PRODUCTS_DIR; };
		7811A8BC1F6E40AE00FE18DF /* libgtest.a */ = {isa = PBXFileReference; explicitFileType = archive.ar; includeInIndex = 0; path = libgtest.a; sourceTree = BUILT_PRODUCTS_DIR; };
		7811A8C01F6E418700FE18DF /* gtest_main.cc */ = {isa = PBXFileReference; fileEncoding = 4; lastKnownFileType = sourcecode.cpp.cpp; name = gtest_main.cc; path = dependencies/googletest/src/gtest_main.cc; sourceTree = "<group>"; };
		7811A8C11F6E418700FE18DF /* gtest-all.cc */ = {isa = PBXFileReference; fileEncoding = 4; lastKnownFileType = sourcecode.cpp.cpp; name = "gtest-all.cc"; path = "dependencies/googletest/src/gtest-all.cc"; sourceTree = "<group>"; };
		7811A8C91F6E41BF00FE18DF /* runUnitTests */ = {isa = PBXFileReference; explicitFileType = "compiled.mach-o.executable"; includeInIndex = 0; path = runUnitTests; sourceTree = BUILT_PRODUCTS_DIR; };
		7811A8D41F6E438800FE18DF /* unittest-gtest.cpp */ = {isa = PBXFileReference; fileEncoding = 4; lastKnownFileType = sourcecode.cpp.cpp; name = "unittest-gtest.cpp"; path = "libvt/test/unittest-gtest.cpp"; sourceTree = "<group>"; };
		7811A8D71F6E44F500FE18DF /* benchmark.cpp */ = {isa = PBXFileReference; fileEncoding = 4; lastKnownFileType = sourcecode.cpp.cpp; name = benchmark.cpp; path = libvt/src/benchmark/benchmark.cpp; sourceTree = "<group>"; };
		7811A8D81F6E44F500FE18DF /* benchmark.hpp */ = {isa = PBXFileReference; fileEncoding = 4; lastKnownFileType = sourcecode.cpp.h; name = benchmark.hpp; path = libvt/src/benchmark/benchmark.hpp; sourceTree = "<group>"; };
		7811A8DB1F6E454200FE18DF /* sequence.cpp */ = {isa = PBXFileReference; fileEncoding = 4; lastKnownFileType = sourcecode.cpp.cpp; name = sequence.cpp; path = libvt/src/benchmark/sequence.cpp; sourceTree = "<group>"; };
		7811A8DC1F6E454200FE18DF /* sequence.hpp */ = {isa = PBXFileReference; fileEncoding = 4; lastKnownFileType = sourcecode.cpp.h; name = sequence.hpp; path = libvt/src/benchmark/sequence.hpp; sourceTree = "<group>"; };
		7811A8DF1F6E4AE000FE18DF /* unittest-benchmark.cpp */ = {isa = PBXFileReference; fileEncoding = 4; lastKnownFileType = sourcecode.cpp.cpp; name = "unittest-benchmark.cpp"; path = "libvt/test/unittest-benchmark.cpp"; sourceTree = "<group>"; };
		7887932F1F713D5B007425AB /* hann.cpp */ = {isa = PBXFileReference; fileEncoding = 4; lastKnownFileType = sourcecode.cpp.cpp; name = hann.cpp; path = libvt/src/utility/hann.cpp; sourceTree = "<group>"; };
		788793301F713D5B007425AB /* hann.hpp */ = {isa = PBXFileReference; fileEncoding = 4; lastKnownFileType = sourcecode.cpp.h; name = hann.hpp; path = libvt/src/utility/hann.hpp; sourceTree = "<group>"; };
		788793331F71408A007425AB /* label.cpp */ = {isa = PBXFileReference; fileEncoding = 4; lastKnownFileType = sourcecode.cpp.cpp; name = label.cpp; path = libvt/src/utility/label.cpp; sourceTree = "<group>"; };
		788793341F71408A007425AB /* label.hpp */ = {isa = PBXFileReference; fileEncoding = 4; lastKnownFileType = sourcecode.cpp.h; name = label.hpp; path = libvt/src/utility/label.hpp; sourceTree = "<group>"; };
		788793371F7144B0007425AB /* ffttools.hpp */ = {isa = PBXFileReference; fileEncoding = 4; lastKnownFileType = sourcecode.cpp.h; name = ffttools.hpp; path = libvt/src/fft/ffttools.hpp; sourceTree = "<group>"; };
		7891055F1F7026BD0085719C /* imagesc.cpp */ = {isa = PBXFileReference; fileEncoding = 4; lastKnownFileType = sourcecode.cpp.cpp; name = imagesc.cpp; path = libvt/src/utility/imagesc.cpp; sourceTree = "<group>"; };
		789105601F7026BD0085719C /* imagesc.hpp */ = {isa = PBXFileReference; fileEncoding = 4; lastKnownFileType = sourcecode.cpp.h; name = imagesc.hpp; path = libvt/src/utility/imagesc.hpp; sourceTree = "<group>"; };
		78CDCFFE1F6E9EE9000450AC /* fhog.cpp */ = {isa = PBXFileReference; fileEncoding = 4; lastKnownFileType = sourcecode.cpp.cpp; name = fhog.cpp; path = libvt/src/feature/hog/fhog.cpp; sourceTree = "<group>"; };
		78CDCFFF1F6E9EE9000450AC /* fhog.hpp */ = {isa = PBXFileReference; fileEncoding = 4; lastKnownFileType = sourcecode.cpp.h; name = fhog.hpp; path = libvt/src/feature/hog/fhog.hpp; sourceTree = "<group>"; };
		78E982571F6FA7CB00BD8B14 /* recttools.hpp */ = {isa = PBXFileReference; fileEncoding = 4; lastKnownFileType = sourcecode.cpp.h; name = recttools.hpp; path = libvt/src/utility/recttools.hpp; sourceTree = "<group>"; };
/* End PBXFileReference section */

/* Begin PBXFrameworksBuildPhase section */
		7811A8AB1F6E3C8C00FE18DF /* Frameworks */ = {
			isa = PBXFrameworksBuildPhase;
			buildActionMask = 2147483647;
			files = (
			);
			runOnlyForDeploymentPostprocessing = 0;
		};
		7811A8B91F6E40AE00FE18DF /* Frameworks */ = {
			isa = PBXFrameworksBuildPhase;
			buildActionMask = 2147483647;
			files = (
			);
			runOnlyForDeploymentPostprocessing = 0;
		};
		7811A8C61F6E41BF00FE18DF /* Frameworks */ = {
			isa = PBXFrameworksBuildPhase;
			buildActionMask = 2147483647;
			files = (
				7811A8E31F6E4B6D00FE18DF /* libvt.a in Frameworks */,
				7811A8D21F6E41CC00FE18DF /* libgtest.a in Frameworks */,
			);
			runOnlyForDeploymentPostprocessing = 0;
		};
/* End PBXFrameworksBuildPhase section */

/* Begin PBXGroup section */
		7811A8A51F6E3C8C00FE18DF = {
			isa = PBXGroup;
			children = (
				7811A8B61F6E406000FE18DF /* UnitTests */,
				7811A8B51F6E401000FE18DF /* Sources */,
				7811A8AF1F6E3C8C00FE18DF /* Products */,
			);
			sourceTree = "<group>";
		};
		7811A8AF1F6E3C8C00FE18DF /* Products */ = {
			isa = PBXGroup;
			children = (
				7811A8AE1F6E3C8C00FE18DF /* libvt.a */,
				7811A8BC1F6E40AE00FE18DF /* libgtest.a */,
				7811A8C91F6E41BF00FE18DF /* runUnitTests */,
			);
			name = Products;
			sourceTree = "<group>";
		};
		7811A8B51F6E401000FE18DF /* Sources */ = {
			isa = PBXGroup;
			children = (
				789105671F702ABB0085719C /* fft */,
				78E982501F6FA77E00BD8B14 /* utility */,
				78CDCFF81F6E9EA2000450AC /* feature */,
				7811A8D61F6E44C000FE18DF /* benchmark */,
			);
			name = Sources;
			sourceTree = "<group>";
		};
		7811A8B61F6E406000FE18DF /* UnitTests */ = {
			isa = PBXGroup;
			children = (
				7811A8B71F6E407200FE18DF /* gtest */,
				7811A8D41F6E438800FE18DF /* unittest-gtest.cpp */,
				7811A8DF1F6E4AE000FE18DF /* unittest-benchmark.cpp */,
			);
			name = UnitTests;
			sourceTree = "<group>";
		};
		7811A8B71F6E407200FE18DF /* gtest */ = {
			isa = PBXGroup;
			children = (
				7811A8C01F6E418700FE18DF /* gtest_main.cc */,
				7811A8C11F6E418700FE18DF /* gtest-all.cc */,
			);
			name = gtest;
			sourceTree = "<group>";
		};
		7811A8D61F6E44C000FE18DF /* benchmark */ = {
			isa = PBXGroup;
			children = (
				7811A8D71F6E44F500FE18DF /* benchmark.cpp */,
				7811A8D81F6E44F500FE18DF /* benchmark.hpp */,
				7811A8DB1F6E454200FE18DF /* sequence.cpp */,
				7811A8DC1F6E454200FE18DF /* sequence.hpp */,
			);
			name = benchmark;
			sourceTree = "<group>";
		};
		789105671F702ABB0085719C /* fft */ = {
			isa = PBXGroup;
			children = (
				788793371F7144B0007425AB /* ffttools.hpp */,
			);
			name = fft;
			sourceTree = "<group>";
		};
		78CDCFF81F6E9EA2000450AC /* feature */ = {
			isa = PBXGroup;
			children = (
				78CDCFFD1F6E9EBC000450AC /* hog */,
			);
			name = feature;
			sourceTree = "<group>";
		};
		78CDCFFD1F6E9EBC000450AC /* hog */ = {
			isa = PBXGroup;
			children = (
				78CDCFFE1F6E9EE9000450AC /* fhog.cpp */,
				78CDCFFF1F6E9EE9000450AC /* fhog.hpp */,
			);
			name = hog;
			sourceTree = "<group>";
		};
		78E982501F6FA77E00BD8B14 /* utility */ = {
			isa = PBXGroup;
			children = (
				7887932F1F713D5B007425AB /* hann.cpp */,
				788793301F713D5B007425AB /* hann.hpp */,
				788793331F71408A007425AB /* label.cpp */,
				788793341F71408A007425AB /* label.hpp */,
				78E982571F6FA7CB00BD8B14 /* recttools.hpp */,
				7891055F1F7026BD0085719C /* imagesc.cpp */,
				789105601F7026BD0085719C /* imagesc.hpp */,
			);
			name = utility;
			sourceTree = "<group>";
		};
/* End PBXGroup section */

/* Begin PBXHeadersBuildPhase section */
		7811A8AC1F6E3C8C00FE18DF /* Headers */ = {
			isa = PBXHeadersBuildPhase;
			buildActionMask = 2147483647;
			files = (
				788793361F71408A007425AB /* label.hpp in Headers */,
				789105661F702AB70085719C /* fft.hpp in Headers */,
				7811A8DA1F6E44F500FE18DF /* benchmark.hpp in Headers */,
				788793321F713D5B007425AB /* hann.hpp in Headers */,
				789105621F7026BD0085719C /* imagesc.hpp in Headers */,
				7811A8DE1F6E454200FE18DF /* sequence.hpp in Headers */,
				78CDD0011F6E9EE9000450AC /* fhog.hpp in Headers */,
				78E982581F6FA7CB00BD8B14 /* recttools.hpp in Headers */,
				788793381F7144B0007425AB /* ffttools.hpp in Headers */,
			);
			runOnlyForDeploymentPostprocessing = 0;
		};
		7811A8BA1F6E40AE00FE18DF /* Headers */ = {
			isa = PBXHeadersBuildPhase;
			buildActionMask = 2147483647;
			files = (
			);
			runOnlyForDeploymentPostprocessing = 0;
		};
/* End PBXHeadersBuildPhase section */

/* Begin PBXNativeTarget section */
		7811A8AD1F6E3C8C00FE18DF /* vt */ = {
			isa = PBXNativeTarget;
			buildConfigurationList = 7811A8B21F6E3C8C00FE18DF /* Build configuration list for PBXNativeTarget "vt" */;
			buildPhases = (
				7811A8AA1F6E3C8C00FE18DF /* Sources */,
				7811A8AB1F6E3C8C00FE18DF /* Frameworks */,
				7811A8AC1F6E3C8C00FE18DF /* Headers */,
			);
			buildRules = (
			);
			dependencies = (
			);
			name = vt;
			productName = vt;
			productReference = 7811A8AE1F6E3C8C00FE18DF /* libvt.a */;
			productType = "com.apple.product-type.library.static";
		};
		7811A8BB1F6E40AE00FE18DF /* gtest */ = {
			isa = PBXNativeTarget;
			buildConfigurationList = 7811A8BD1F6E40AE00FE18DF /* Build configuration list for PBXNativeTarget "gtest" */;
			buildPhases = (
				7811A8B81F6E40AE00FE18DF /* Sources */,
				7811A8B91F6E40AE00FE18DF /* Frameworks */,
				7811A8BA1F6E40AE00FE18DF /* Headers */,
			);
			buildRules = (
			);
			dependencies = (
			);
			name = gtest;
			productName = gtest;
			productReference = 7811A8BC1F6E40AE00FE18DF /* libgtest.a */;
			productType = "com.apple.product-type.library.static";
		};
		7811A8C81F6E41BF00FE18DF /* runUnitTests */ = {
			isa = PBXNativeTarget;
			buildConfigurationList = 7811A8CD1F6E41BF00FE18DF /* Build configuration list for PBXNativeTarget "runUnitTests" */;
			buildPhases = (
				7811A8C51F6E41BF00FE18DF /* Sources */,
				7811A8C61F6E41BF00FE18DF /* Frameworks */,
				7811A8C71F6E41BF00FE18DF /* CopyFiles */,
			);
			buildRules = (
			);
			dependencies = (
				7811A8E21F6E4B6600FE18DF /* PBXTargetDependency */,
				7811A8D11F6E41C400FE18DF /* PBXTargetDependency */,
			);
			name = runUnitTests;
			productName = runUnitTests;
			productReference = 7811A8C91F6E41BF00FE18DF /* runUnitTests */;
			productType = "com.apple.product-type.tool";
		};
/* End PBXNativeTarget section */

/* Begin PBXProject section */
		7811A8A61F6E3C8C00FE18DF /* Project object */ = {
			isa = PBXProject;
			attributes = {
				LastUpgradeCheck = 0830;
				ORGANIZATIONNAME = "Yizhuang Zhou";
				TargetAttributes = {
					7811A8AD1F6E3C8C00FE18DF = {
						CreatedOnToolsVersion = 8.3.3;
						DevelopmentTeam = 465B8JUQR9;
						ProvisioningStyle = Automatic;
					};
					7811A8BB1F6E40AE00FE18DF = {
						CreatedOnToolsVersion = 8.3.3;
						DevelopmentTeam = 465B8JUQR9;
						ProvisioningStyle = Automatic;
					};
					7811A8C81F6E41BF00FE18DF = {
						CreatedOnToolsVersion = 8.3.3;
						DevelopmentTeam = 465B8JUQR9;
						ProvisioningStyle = Automatic;
					};
				};
			};
			buildConfigurationList = 7811A8A91F6E3C8C00FE18DF /* Build configuration list for PBXProject "vt" */;
			compatibilityVersion = "Xcode 3.2";
			developmentRegion = English;
			hasScannedForEncodings = 0;
			knownRegions = (
				en,
			);
			mainGroup = 7811A8A51F6E3C8C00FE18DF;
			productRefGroup = 7811A8AF1F6E3C8C00FE18DF /* Products */;
			projectDirPath = "";
			projectRoot = "";
			targets = (
				7811A8AD1F6E3C8C00FE18DF /* vt */,
				7811A8BB1F6E40AE00FE18DF /* gtest */,
				7811A8C81F6E41BF00FE18DF /* runUnitTests */,
			);
		};
/* End PBXProject section */

/* Begin PBXSourcesBuildPhase section */
		7811A8AA1F6E3C8C00FE18DF /* Sources */ = {
			isa = PBXSourcesBuildPhase;
			buildActionMask = 2147483647;
			files = (
				788793351F71408A007425AB /* label.cpp in Sources */,
				788793311F713D5B007425AB /* hann.cpp in Sources */,
				7811A8D91F6E44F500FE18DF /* benchmark.cpp in Sources */,
				78CDD0001F6E9EE9000450AC /* fhog.cpp in Sources */,
				789105611F7026BD0085719C /* imagesc.cpp in Sources */,
				7811A8DD1F6E454200FE18DF /* sequence.cpp in Sources */,
			);
			runOnlyForDeploymentPostprocessing = 0;
		};
		7811A8B81F6E40AE00FE18DF /* Sources */ = {
			isa = PBXSourcesBuildPhase;
			buildActionMask = 2147483647;
			files = (
				7811A8C41F6E418F00FE18DF /* gtest-all.cc in Sources */,
			);
			runOnlyForDeploymentPostprocessing = 0;
		};
		7811A8C51F6E41BF00FE18DF /* Sources */ = {
			isa = PBXSourcesBuildPhase;
			buildActionMask = 2147483647;
			files = (
				7811A8D31F6E420000FE18DF /* gtest_main.cc in Sources */,
				7811A8D51F6E438800FE18DF /* unittest-gtest.cpp in Sources */,
				7811A8E01F6E4AE000FE18DF /* unittest-benchmark.cpp in Sources */,
			);
			runOnlyForDeploymentPostprocessing = 0;
		};
/* End PBXSourcesBuildPhase section */

/* Begin PBXTargetDependency section */
		7811A8D11F6E41C400FE18DF /* PBXTargetDependency */ = {
			isa = PBXTargetDependency;
			target = 7811A8BB1F6E40AE00FE18DF /* gtest */;
			targetProxy = 7811A8D01F6E41C400FE18DF /* PBXContainerItemProxy */;
		};
		7811A8E21F6E4B6600FE18DF /* PBXTargetDependency */ = {
			isa = PBXTargetDependency;
			target = 7811A8AD1F6E3C8C00FE18DF /* vt */;
			targetProxy = 7811A8E11F6E4B6600FE18DF /* PBXContainerItemProxy */;
		};
/* End PBXTargetDependency section */

/* Begin XCBuildConfiguration section */
		7811A8B01F6E3C8C00FE18DF /* Debug */ = {
			isa = XCBuildConfiguration;
			buildSettings = {
				ALWAYS_SEARCH_USER_PATHS = NO;
				CLANG_ANALYZER_NONNULL = YES;
				CLANG_ANALYZER_NUMBER_OBJECT_CONVERSION = YES_AGGRESSIVE;
				CLANG_CXX_LANGUAGE_STANDARD = "gnu++0x";
				CLANG_CXX_LIBRARY = "libc++";
				CLANG_ENABLE_MODULES = YES;
				CLANG_ENABLE_OBJC_ARC = YES;
				CLANG_WARN_BOOL_CONVERSION = YES;
				CLANG_WARN_CONSTANT_CONVERSION = YES;
				CLANG_WARN_DIRECT_OBJC_ISA_USAGE = YES_ERROR;
				CLANG_WARN_DOCUMENTATION_COMMENTS = YES;
				CLANG_WARN_EMPTY_BODY = YES;
				CLANG_WARN_ENUM_CONVERSION = YES;
				CLANG_WARN_INFINITE_RECURSION = YES;
				CLANG_WARN_INT_CONVERSION = YES;
				CLANG_WARN_OBJC_ROOT_CLASS = YES_ERROR;
				CLANG_WARN_SUSPICIOUS_MOVE = YES;
				CLANG_WARN_UNREACHABLE_CODE = YES;
				CLANG_WARN__DUPLICATE_METHOD_MATCH = YES;
				CODE_SIGN_IDENTITY = "-";
				COPY_PHASE_STRIP = NO;
				DEBUG_INFORMATION_FORMAT = dwarf;
				DEP_GTEST_DIR = "$(PROJECT_DIR)/dependencies/googletest";
				ENABLE_STRICT_OBJC_MSGSEND = YES;
				ENABLE_TESTABILITY = YES;
				GCC_C_LANGUAGE_STANDARD = gnu99;
				GCC_DYNAMIC_NO_PIC = NO;
				GCC_NO_COMMON_BLOCKS = YES;
				GCC_OPTIMIZATION_LEVEL = 0;
				GCC_PREPROCESSOR_DEFINITIONS = (
					"DEBUG=1",
					"$(inherited)",
				);
				GCC_WARN_64_TO_32_BIT_CONVERSION = YES;
				GCC_WARN_ABOUT_RETURN_TYPE = YES_ERROR;
				GCC_WARN_UNDECLARED_SELECTOR = YES;
				GCC_WARN_UNINITIALIZED_AUTOS = YES_AGGRESSIVE;
				GCC_WARN_UNUSED_FUNCTION = YES;
				GCC_WARN_UNUSED_VARIABLE = YES;
				HEADER_SEARCH_PATHS = /usr/local/include;
				LIBRARY_SEARCH_PATHS = /usr/local/lib;
				MACOSX_DEPLOYMENT_TARGET = 10.12;
				MTL_ENABLE_DEBUG_INFO = YES;
				ONLY_ACTIVE_ARCH = YES;
				OTHER_LDFLAGS = (
					"-lglog",
					"-lopencv_core",
					"-lopencv_imgcodecs",
					"-lopencv_imgproc",
					"-lopencv_highgui",
					"-lfftw3f",
					"-lm",
					"-lopencv_dnn",
				);
				SDKROOT = macosx;
			};
			name = Debug;
		};
		7811A8B11F6E3C8C00FE18DF /* Release */ = {
			isa = XCBuildConfiguration;
			buildSettings = {
				ALWAYS_SEARCH_USER_PATHS = NO;
				CLANG_ANALYZER_NONNULL = YES;
				CLANG_ANALYZER_NUMBER_OBJECT_CONVERSION = YES_AGGRESSIVE;
				CLANG_CXX_LANGUAGE_STANDARD = "gnu++0x";
				CLANG_CXX_LIBRARY = "libc++";
				CLANG_ENABLE_MODULES = YES;
				CLANG_ENABLE_OBJC_ARC = YES;
				CLANG_WARN_BOOL_CONVERSION = YES;
				CLANG_WARN_CONSTANT_CONVERSION = YES;
				CLANG_WARN_DIRECT_OBJC_ISA_USAGE = YES_ERROR;
				CLANG_WARN_DOCUMENTATION_COMMENTS = YES;
				CLANG_WARN_EMPTY_BODY = YES;
				CLANG_WARN_ENUM_CONVERSION = YES;
				CLANG_WARN_INFINITE_RECURSION = YES;
				CLANG_WARN_INT_CONVERSION = YES;
				CLANG_WARN_OBJC_ROOT_CLASS = YES_ERROR;
				CLANG_WARN_SUSPICIOUS_MOVE = YES;
				CLANG_WARN_UNREACHABLE_CODE = YES;
				CLANG_WARN__DUPLICATE_METHOD_MATCH = YES;
				CODE_SIGN_IDENTITY = "-";
				COPY_PHASE_STRIP = NO;
				DEBUG_INFORMATION_FORMAT = "dwarf-with-dsym";
				DEP_GTEST_DIR = "$(PROJECT_DIR)/dependencies/googletest";
				ENABLE_NS_ASSERTIONS = NO;
				ENABLE_STRICT_OBJC_MSGSEND = YES;
				GCC_C_LANGUAGE_STANDARD = gnu99;
				GCC_NO_COMMON_BLOCKS = YES;
				GCC_WARN_64_TO_32_BIT_CONVERSION = YES;
				GCC_WARN_ABOUT_RETURN_TYPE = YES_ERROR;
				GCC_WARN_UNDECLARED_SELECTOR = YES;
				GCC_WARN_UNINITIALIZED_AUTOS = YES_AGGRESSIVE;
				GCC_WARN_UNUSED_FUNCTION = YES;
				GCC_WARN_UNUSED_VARIABLE = YES;
				HEADER_SEARCH_PATHS = /usr/local/include;
				LIBRARY_SEARCH_PATHS = /usr/local/lib;
				MACOSX_DEPLOYMENT_TARGET = 10.12;
				MTL_ENABLE_DEBUG_INFO = NO;
				OTHER_LDFLAGS = (
					"-lglog",
					"-lopencv_core",
					"-lopencv_imgcodecs",
				);
				SDKROOT = macosx;
			};
			name = Release;
		};
		7811A8B31F6E3C8C00FE18DF /* Debug */ = {
			isa = XCBuildConfiguration;
			buildSettings = {
				DEVELOPMENT_TEAM = 465B8JUQR9;
				EXECUTABLE_PREFIX = lib;
				HEADER_SEARCH_PATHS = "$(inherited)";
				LIBRARY_SEARCH_PATHS = "$(inherited)";
				PRODUCT_NAME = "$(TARGET_NAME)";
			};
			name = Debug;
		};
		7811A8B41F6E3C8C00FE18DF /* Release */ = {
			isa = XCBuildConfiguration;
			buildSettings = {
				DEVELOPMENT_TEAM = 465B8JUQR9;
				EXECUTABLE_PREFIX = lib;
				HEADER_SEARCH_PATHS = "$(inherited)";
				LIBRARY_SEARCH_PATHS = "$(inherited)";
				PRODUCT_NAME = "$(TARGET_NAME)";
			};
			name = Release;
		};
		7811A8BE1F6E40AE00FE18DF /* Debug */ = {
			isa = XCBuildConfiguration;
			buildSettings = {
				DEVELOPMENT_TEAM = 465B8JUQR9;
				EXECUTABLE_PREFIX = lib;
				HEADER_SEARCH_PATHS = "";
				LIBRARY_SEARCH_PATHS = "";
				PRODUCT_NAME = "$(TARGET_NAME)";
				SYSTEM_HEADER_SEARCH_PATHS = "$(DEP_GTEST_DIR) $(DEP_GTEST_DIR)/include";
			};
			name = Debug;
		};
		7811A8BF1F6E40AE00FE18DF /* Release */ = {
			isa = XCBuildConfiguration;
			buildSettings = {
				DEVELOPMENT_TEAM = 465B8JUQR9;
				EXECUTABLE_PREFIX = lib;
				HEADER_SEARCH_PATHS = "";
				LIBRARY_SEARCH_PATHS = "";
				PRODUCT_NAME = "$(TARGET_NAME)";
				SYSTEM_HEADER_SEARCH_PATHS = "$(DEP_GTEST_DIR) $(DEP_GTEST_DIR)/include";
			};
			name = Release;
		};
		7811A8CE1F6E41BF00FE18DF /* Debug */ = {
			isa = XCBuildConfiguration;
			buildSettings = {
				DEVELOPMENT_TEAM = 465B8JUQR9;
				HEADER_SEARCH_PATHS = "$(inherited)";
				LIBRARY_SEARCH_PATHS = "$(inherited)";
				PRODUCT_NAME = "$(TARGET_NAME)";
				SYSTEM_HEADER_SEARCH_PATHS = "$(DEP_GTEST_DIR)/include";
			};
			name = Debug;
		};
		7811A8CF1F6E41BF00FE18DF /* Release */ = {
			isa = XCBuildConfiguration;
			buildSettings = {
				DEVELOPMENT_TEAM = 465B8JUQR9;
				HEADER_SEARCH_PATHS = "$(inherited)";
				LIBRARY_SEARCH_PATHS = "$(inherited)";
				PRODUCT_NAME = "$(TARGET_NAME)";
				SYSTEM_HEADER_SEARCH_PATHS = "$(DEP_GTEST_DIR)/include";
			};
			name = Release;
		};
/* End XCBuildConfiguration section */

/* Begin XCConfigurationList section */
		7811A8A91F6E3C8C00FE18DF /* Build configuration list for PBXProject "vt" */ = {
			isa = XCConfigurationList;
			buildConfigurations = (
				7811A8B01F6E3C8C00FE18DF /* Debug */,
				7811A8B11F6E3C8C00FE18DF /* Release */,
			);
			defaultConfigurationIsVisible = 0;
			defaultConfigurationName = Release;
		};
		7811A8B21F6E3C8C00FE18DF /* Build configuration list for PBXNativeTarget "vt" */ = {
			isa = XCConfigurationList;
			buildConfigurations = (
				7811A8B31F6E3C8C00FE18DF /* Debug */,
				7811A8B41F6E3C8C00FE18DF /* Release */,
			);
			defaultConfigurationIsVisible = 0;
			defaultConfigurationName = Release;
		};
		7811A8BD1F6E40AE00FE18DF /* Build configuration list for PBXNativeTarget "gtest" */ = {
			isa = XCConfigurationList;
			buildConfigurations = (
				7811A8BE1F6E40AE00FE18DF /* Debug */,
				7811A8BF1F6E40AE00FE18DF /* Release */,
			);
			defaultConfigurationIsVisible = 0;
			defaultConfigurationName = Release;
		};
		7811A8CD1F6E41BF00FE18DF /* Build configuration list for PBXNativeTarget "runUnitTests" */ = {
			isa = XCConfigurationList;
			buildConfigurations = (
				7811A8CE1F6E41BF00FE18DF /* Debug */,
				7811A8CF1F6E41BF00FE18DF /* Release */,
			);
			defaultConfigurationIsVisible = 0;
			defaultConfigurationName = Release;
		};
/* End XCConfigurationList section */
	};
	rootObject = 7811A8A61F6E3C8C00FE18DF /* Project object */;
}
